// !$*UTF8*$!
{
	archiveVersion = 1;
	classes = {
	};
	objectVersion = 50;
	objects = {

/* Begin PBXBuildFile section */
		6A0039CC219827EB0027773C /* SelfAwake.swift in Sources */ = {isa = PBXBuildFile; fileRef = 6A0039CB219827EB0027773C /* SelfAwake.swift */; };
		6A0039CE2198335A0027773C /* TestSwizzleViewController.swift in Sources */ = {isa = PBXBuildFile; fileRef = 6A0039CD2198335A0027773C /* TestSwizzleViewController.swift */; };
		6A1AB8992184393800A3EDC1 /* AppDelegate.swift in Sources */ = {isa = PBXBuildFile; fileRef = 6A1AB8982184393800A3EDC1 /* AppDelegate.swift */; };
		6A1AB89B2184393800A3EDC1 /* ViewController.swift in Sources */ = {isa = PBXBuildFile; fileRef = 6A1AB89A2184393800A3EDC1 /* ViewController.swift */; };
		6A1AB89E2184393800A3EDC1 /* Main.storyboard in Resources */ = {isa = PBXBuildFile; fileRef = 6A1AB89C2184393800A3EDC1 /* Main.storyboard */; };
		6A1AB8A02184393900A3EDC1 /* Assets.xcassets in Resources */ = {isa = PBXBuildFile; fileRef = 6A1AB89F2184393900A3EDC1 /* Assets.xcassets */; };
		6A1AB8A32184393900A3EDC1 /* LaunchScreen.storyboard in Resources */ = {isa = PBXBuildFile; fileRef = 6A1AB8A12184393900A3EDC1 /* LaunchScreen.storyboard */; };
		6A1AB8AE2184393900A3EDC1 /* SwiftToolBoxTests.swift in Sources */ = {isa = PBXBuildFile; fileRef = 6A1AB8AD2184393900A3EDC1 /* SwiftToolBoxTests.swift */; };
		6A300FA221B0DC8500687CA1 /* UIView+Extensions.swift in Sources */ = {isa = PBXBuildFile; fileRef = 6A300FA121B0DC8500687CA1 /* UIView+Extensions.swift */; };
		6A552DF5219AB04900B9E262 /* CustomTextField.swift in Sources */ = {isa = PBXBuildFile; fileRef = 6A552DF4219AB04900B9E262 /* CustomTextField.swift */; };
		6A552DFB219B004100B9E262 /* UINavigationController+Navbar.m in Sources */ = {isa = PBXBuildFile; fileRef = 6A552DF9219B004100B9E262 /* UINavigationController+Navbar.m */; };
		6A552DFD219B054500B9E262 /* String+Check.swift in Sources */ = {isa = PBXBuildFile; fileRef = 6A552DFC219B054500B9E262 /* String+Check.swift */; };
		6A552E00219B115A00B9E262 /* UITapGestureRecognizer+Extension.swift in Sources */ = {isa = PBXBuildFile; fileRef = 6A552DFF219B115A00B9E262 /* UITapGestureRecognizer+Extension.swift */; };
		6A552E02219B155E00B9E262 /* UINavigationController+Extension.swift in Sources */ = {isa = PBXBuildFile; fileRef = 6A552E01219B155E00B9E262 /* UINavigationController+Extension.swift */; };
		6A552E05219B17B900B9E262 /* UIImage+Extensions.swift in Sources */ = {isa = PBXBuildFile; fileRef = 6A552E04219B17B900B9E262 /* UIImage+Extensions.swift */; };
		6A552E08219B185A00B9E262 /* UIView+Windless.swift in Sources */ = {isa = PBXBuildFile; fileRef = 6A552E07219B185A00B9E262 /* UIView+Windless.swift */; };
		6A552E0A219B196600B9E262 /* UIView+Frame.swift in Sources */ = {isa = PBXBuildFile; fileRef = 6A552E09219B196600B9E262 /* UIView+Frame.swift */; };
		6A552E0C219B1CCD00B9E262 /* UIView+Helper.swift in Sources */ = {isa = PBXBuildFile; fileRef = 6A552E0B219B1CCD00B9E262 /* UIView+Helper.swift */; };
		6A552E0E219B1D6C00B9E262 /* UIView+Draw.swift in Sources */ = {isa = PBXBuildFile; fileRef = 6A552E0D219B1D6C00B9E262 /* UIView+Draw.swift */; };
		6A552E11219BF86200B9E262 /* UIColor+Colors.swift in Sources */ = {isa = PBXBuildFile; fileRef = 6A552E10219BF86200B9E262 /* UIColor+Colors.swift */; };
		6A552E14219BFE0300B9E262 /* UITableView+Nib.swift in Sources */ = {isa = PBXBuildFile; fileRef = 6A552E13219BFE0300B9E262 /* UITableView+Nib.swift */; };
		6A620224218493E9000EF76B /* Bool+Toggle.swift in Sources */ = {isa = PBXBuildFile; fileRef = 6A620223218493E9000EF76B /* Bool+Toggle.swift */; };
		6A6202272184971B000EF76B /* BoolTests.swift in Sources */ = {isa = PBXBuildFile; fileRef = 6A6202262184971B000EF76B /* BoolTests.swift */; };
		6A62022921849810000EF76B /* String+Localized.swift in Sources */ = {isa = PBXBuildFile; fileRef = 6A62022821849810000EF76B /* String+Localized.swift */; };
		6A62022D21849CAE000EF76B /* String+Format.swift in Sources */ = {isa = PBXBuildFile; fileRef = 6A62022C21849CAE000EF76B /* String+Format.swift */; };
		6A6202302184A4A3000EF76B /* UILabel+Extensions.swift in Sources */ = {isa = PBXBuildFile; fileRef = 6A62022F2184A4A3000EF76B /* UILabel+Extensions.swift */; };
/* End PBXBuildFile section */

/* Begin PBXContainerItemProxy section */
		6A1AB8AA2184393900A3EDC1 /* PBXContainerItemProxy */ = {
			isa = PBXContainerItemProxy;
			containerPortal = 6A1AB88D2184393800A3EDC1 /* Project object */;
			proxyType = 1;
			remoteGlobalIDString = 6A1AB8942184393800A3EDC1;
			remoteInfo = SwiftToolBox;
		};
/* End PBXContainerItemProxy section */

/* Begin PBXFileReference section */
		6A0039CB219827EB0027773C /* SelfAwake.swift */ = {isa = PBXFileReference; lastKnownFileType = sourcecode.swift; path = SelfAwake.swift; sourceTree = "<group>"; };
		6A0039CD2198335A0027773C /* TestSwizzleViewController.swift */ = {isa = PBXFileReference; lastKnownFileType = sourcecode.swift; path = TestSwizzleViewController.swift; sourceTree = "<group>"; };
		6A1AB8952184393800A3EDC1 /* SwiftToolBox.app */ = {isa = PBXFileReference; explicitFileType = wrapper.application; includeInIndex = 0; path = SwiftToolBox.app; sourceTree = BUILT_PRODUCTS_DIR; };
		6A1AB8982184393800A3EDC1 /* AppDelegate.swift */ = {isa = PBXFileReference; lastKnownFileType = sourcecode.swift; path = AppDelegate.swift; sourceTree = "<group>"; };
		6A1AB89A2184393800A3EDC1 /* ViewController.swift */ = {isa = PBXFileReference; lastKnownFileType = sourcecode.swift; path = ViewController.swift; sourceTree = "<group>"; };
		6A1AB89D2184393800A3EDC1 /* Base */ = {isa = PBXFileReference; lastKnownFileType = file.storyboard; name = Base; path = Base.lproj/Main.storyboard; sourceTree = "<group>"; };
		6A1AB89F2184393900A3EDC1 /* Assets.xcassets */ = {isa = PBXFileReference; lastKnownFileType = folder.assetcatalog; path = Assets.xcassets; sourceTree = "<group>"; };
		6A1AB8A22184393900A3EDC1 /* Base */ = {isa = PBXFileReference; lastKnownFileType = file.storyboard; name = Base; path = Base.lproj/LaunchScreen.storyboard; sourceTree = "<group>"; };
		6A1AB8A42184393900A3EDC1 /* Info.plist */ = {isa = PBXFileReference; lastKnownFileType = text.plist.xml; path = Info.plist; sourceTree = "<group>"; };
		6A1AB8A92184393900A3EDC1 /* SwiftToolBoxTests.xctest */ = {isa = PBXFileReference; explicitFileType = wrapper.cfbundle; includeInIndex = 0; path = SwiftToolBoxTests.xctest; sourceTree = BUILT_PRODUCTS_DIR; };
		6A1AB8AD2184393900A3EDC1 /* SwiftToolBoxTests.swift */ = {isa = PBXFileReference; lastKnownFileType = sourcecode.swift; path = SwiftToolBoxTests.swift; sourceTree = "<group>"; };
		6A1AB8AF2184393900A3EDC1 /* Info.plist */ = {isa = PBXFileReference; lastKnownFileType = text.plist.xml; path = Info.plist; sourceTree = "<group>"; };
		6A300FA121B0DC8500687CA1 /* UIView+Extensions.swift */ = {isa = PBXFileReference; lastKnownFileType = sourcecode.swift; path = "UIView+Extensions.swift"; sourceTree = "<group>"; };
		6A552DF4219AB04900B9E262 /* CustomTextField.swift */ = {isa = PBXFileReference; lastKnownFileType = sourcecode.swift; path = CustomTextField.swift; sourceTree = "<group>"; };
		6A552DF8219B004000B9E262 /* SwiftToolBox-Bridging-Header.h */ = {isa = PBXFileReference; lastKnownFileType = sourcecode.c.h; path = "SwiftToolBox-Bridging-Header.h"; sourceTree = "<group>"; };
		6A552DF9219B004100B9E262 /* UINavigationController+Navbar.m */ = {isa = PBXFileReference; fileEncoding = 4; lastKnownFileType = sourcecode.c.objc; path = "UINavigationController+Navbar.m"; sourceTree = "<group>"; };
		6A552DFA219B004100B9E262 /* UINavigationController+Navbar.h */ = {isa = PBXFileReference; fileEncoding = 4; lastKnownFileType = sourcecode.c.h; path = "UINavigationController+Navbar.h"; sourceTree = "<group>"; };
		6A552DFC219B054500B9E262 /* String+Check.swift */ = {isa = PBXFileReference; lastKnownFileType = sourcecode.swift; path = "String+Check.swift"; sourceTree = "<group>"; };
		6A552DFF219B115A00B9E262 /* UITapGestureRecognizer+Extension.swift */ = {isa = PBXFileReference; lastKnownFileType = sourcecode.swift; path = "UITapGestureRecognizer+Extension.swift"; sourceTree = "<group>"; };
		6A552E01219B155E00B9E262 /* UINavigationController+Extension.swift */ = {isa = PBXFileReference; lastKnownFileType = sourcecode.swift; path = "UINavigationController+Extension.swift"; sourceTree = "<group>"; };
		6A552E04219B17B900B9E262 /* UIImage+Extensions.swift */ = {isa = PBXFileReference; lastKnownFileType = sourcecode.swift; path = "UIImage+Extensions.swift"; sourceTree = "<group>"; };
		6A552E07219B185A00B9E262 /* UIView+Windless.swift */ = {isa = PBXFileReference; lastKnownFileType = sourcecode.swift; path = "UIView+Windless.swift"; sourceTree = "<group>"; };
		6A552E09219B196600B9E262 /* UIView+Frame.swift */ = {isa = PBXFileReference; lastKnownFileType = sourcecode.swift; path = "UIView+Frame.swift"; sourceTree = "<group>"; };
		6A552E0B219B1CCD00B9E262 /* UIView+Helper.swift */ = {isa = PBXFileReference; lastKnownFileType = sourcecode.swift; path = "UIView+Helper.swift"; sourceTree = "<group>"; };
		6A552E0D219B1D6C00B9E262 /* UIView+Draw.swift */ = {isa = PBXFileReference; lastKnownFileType = sourcecode.swift; path = "UIView+Draw.swift"; sourceTree = "<group>"; };
		6A552E10219BF86200B9E262 /* UIColor+Colors.swift */ = {isa = PBXFileReference; lastKnownFileType = sourcecode.swift; path = "UIColor+Colors.swift"; sourceTree = "<group>"; };
		6A552E13219BFE0300B9E262 /* UITableView+Nib.swift */ = {isa = PBXFileReference; lastKnownFileType = sourcecode.swift; path = "UITableView+Nib.swift"; sourceTree = "<group>"; };
		6A620223218493E9000EF76B /* Bool+Toggle.swift */ = {isa = PBXFileReference; lastKnownFileType = sourcecode.swift; path = "Bool+Toggle.swift"; sourceTree = "<group>"; };
		6A6202262184971B000EF76B /* BoolTests.swift */ = {isa = PBXFileReference; lastKnownFileType = sourcecode.swift; path = BoolTests.swift; sourceTree = "<group>"; };
		6A62022821849810000EF76B /* String+Localized.swift */ = {isa = PBXFileReference; lastKnownFileType = sourcecode.swift; path = "String+Localized.swift"; sourceTree = "<group>"; };
		6A62022C21849CAE000EF76B /* String+Format.swift */ = {isa = PBXFileReference; lastKnownFileType = sourcecode.swift; path = "String+Format.swift"; sourceTree = "<group>"; };
		6A62022F2184A4A3000EF76B /* UILabel+Extensions.swift */ = {isa = PBXFileReference; lastKnownFileType = sourcecode.swift; path = "UILabel+Extensions.swift"; sourceTree = "<group>"; };
/* End PBXFileReference section */

/* Begin PBXFrameworksBuildPhase section */
		6A1AB8922184393800A3EDC1 /* Frameworks */ = {
			isa = PBXFrameworksBuildPhase;
			buildActionMask = 2147483647;
			files = (
			);
			runOnlyForDeploymentPostprocessing = 0;
		};
		6A1AB8A62184393900A3EDC1 /* Frameworks */ = {
			isa = PBXFrameworksBuildPhase;
			buildActionMask = 2147483647;
			files = (
			);
			runOnlyForDeploymentPostprocessing = 0;
		};
/* End PBXFrameworksBuildPhase section */

/* Begin PBXGroup section */
		6A0039CA219826D30027773C /* Swizzle */ = {
			isa = PBXGroup;
			children = (
				6A0039CB219827EB0027773C /* SelfAwake.swift */,
				6A0039CD2198335A0027773C /* TestSwizzleViewController.swift */,
			);
			path = Swizzle;
			sourceTree = "<group>";
		};
		6A1AB88C2184393800A3EDC1 = {
			isa = PBXGroup;
			children = (
				6A1AB8972184393800A3EDC1 /* SwiftToolBox */,
				6A1AB8AC2184393900A3EDC1 /* SwiftToolBoxTests */,
				6A1AB8962184393800A3EDC1 /* Products */,
			);
			sourceTree = "<group>";
		};
		6A1AB8962184393800A3EDC1 /* Products */ = {
			isa = PBXGroup;
			children = (
				6A1AB8952184393800A3EDC1 /* SwiftToolBox.app */,
				6A1AB8A92184393900A3EDC1 /* SwiftToolBoxTests.xctest */,
			);
			name = Products;
			sourceTree = "<group>";
		};
		6A1AB8972184393800A3EDC1 /* SwiftToolBox */ = {
			isa = PBXGroup;
			children = (
				6A552DF3219AAFF400B9E262 /* UIKit */,
				6A0039CA219826D30027773C /* Swizzle */,
				6A620222218493A1000EF76B /* Extensions */,
				6A1AB8982184393800A3EDC1 /* AppDelegate.swift */,
				6A1AB89A2184393800A3EDC1 /* ViewController.swift */,
				6A1AB89C2184393800A3EDC1 /* Main.storyboard */,
				6A1AB89F2184393900A3EDC1 /* Assets.xcassets */,
				6A1AB8A12184393900A3EDC1 /* LaunchScreen.storyboard */,
				6A1AB8A42184393900A3EDC1 /* Info.plist */,
			);
			path = SwiftToolBox;
			sourceTree = "<group>";
		};
		6A1AB8AC2184393900A3EDC1 /* SwiftToolBoxTests */ = {
			isa = PBXGroup;
			children = (
				6A62022521849632000EF76B /* Extensions+Test */,
				6A1AB8AD2184393900A3EDC1 /* SwiftToolBoxTests.swift */,
				6A1AB8AF2184393900A3EDC1 /* Info.plist */,
			);
			path = SwiftToolBoxTests;
			sourceTree = "<group>";
		};
		6A552DF3219AAFF400B9E262 /* UIKit */ = {
			isa = PBXGroup;
			children = (
				6A552DF6219AB04F00B9E262 /* UITextField */,
			);
			path = UIKit;
			sourceTree = "<group>";
		};
		6A552DF6219AB04F00B9E262 /* UITextField */ = {
			isa = PBXGroup;
			children = (
				6A552DF4219AB04900B9E262 /* CustomTextField.swift */,
			);
			path = UITextField;
			sourceTree = "<group>";
		};
		6A552DF7219AFF1D00B9E262 /* UINavigationController */ = {
			isa = PBXGroup;
			children = (
				6A552DFA219B004100B9E262 /* UINavigationController+Navbar.h */,
				6A552DF9219B004100B9E262 /* UINavigationController+Navbar.m */,
				6A552DF8219B004000B9E262 /* SwiftToolBox-Bridging-Header.h */,
				6A552E01219B155E00B9E262 /* UINavigationController+Extension.swift */,
			);
			path = UINavigationController;
			sourceTree = "<group>";
		};
		6A552DFE219B114500B9E262 /* UITapGestureRecognizer */ = {
			isa = PBXGroup;
			children = (
				6A552DFF219B115A00B9E262 /* UITapGestureRecognizer+Extension.swift */,
			);
			path = UITapGestureRecognizer;
			sourceTree = "<group>";
		};
		6A552E03219B174500B9E262 /* UIImage */ = {
			isa = PBXGroup;
			children = (
				6A552E04219B17B900B9E262 /* UIImage+Extensions.swift */,
			);
			path = UIImage;
			sourceTree = "<group>";
		};
		6A552E06219B184300B9E262 /* UIView */ = {
			isa = PBXGroup;
			children = (
				6A552E07219B185A00B9E262 /* UIView+Windless.swift */,
				6A552E09219B196600B9E262 /* UIView+Frame.swift */,
				6A552E0B219B1CCD00B9E262 /* UIView+Helper.swift */,
				6A552E0D219B1D6C00B9E262 /* UIView+Draw.swift */,
				6A300FA121B0DC8500687CA1 /* UIView+Extensions.swift */,
			);
			path = UIView;
			sourceTree = "<group>";
		};
		6A552E0F219BF84100B9E262 /* UIColor */ = {
			isa = PBXGroup;
			children = (
				6A552E10219BF86200B9E262 /* UIColor+Colors.swift */,
			);
			path = UIColor;
			sourceTree = "<group>";
		};
		6A552E12219BFDEB00B9E262 /* UITableView */ = {
			isa = PBXGroup;
			children = (
				6A552E13219BFE0300B9E262 /* UITableView+Nib.swift */,
			);
			path = UITableView;
			sourceTree = "<group>";
		};
		6A620222218493A1000EF76B /* Extensions */ = {
			isa = PBXGroup;
			children = (
				6A552E12219BFDEB00B9E262 /* UITableView */,
				6A552E0F219BF84100B9E262 /* UIColor */,
				6A552E06219B184300B9E262 /* UIView */,
				6A552E03219B174500B9E262 /* UIImage */,
				6A552DFE219B114500B9E262 /* UITapGestureRecognizer */,
				6A552DF7219AFF1D00B9E262 /* UINavigationController */,
				6A62022E2184A48C000EF76B /* UILabel */,
				6A62022B2184985A000EF76B /* String */,
				6A62022A21849851000EF76B /* Bool */,
			);
			path = Extensions;
			sourceTree = "<group>";
		};
		6A62022521849632000EF76B /* Extensions+Test */ = {
			isa = PBXGroup;
			children = (
				6A6202262184971B000EF76B /* BoolTests.swift */,
			);
			path = "Extensions+Test";
			sourceTree = "<group>";
		};
		6A62022A21849851000EF76B /* Bool */ = {
			isa = PBXGroup;
			children = (
				6A620223218493E9000EF76B /* Bool+Toggle.swift */,
			);
			path = Bool;
			sourceTree = "<group>";
		};
		6A62022B2184985A000EF76B /* String */ = {
			isa = PBXGroup;
			children = (
				6A62022821849810000EF76B /* String+Localized.swift */,
				6A62022C21849CAE000EF76B /* String+Format.swift */,
				6A552DFC219B054500B9E262 /* String+Check.swift */,
			);
			path = String;
			sourceTree = "<group>";
		};
		6A62022E2184A48C000EF76B /* UILabel */ = {
			isa = PBXGroup;
			children = (
				6A62022F2184A4A3000EF76B /* UILabel+Extensions.swift */,
			);
			path = UILabel;
			sourceTree = "<group>";
		};
/* End PBXGroup section */

/* Begin PBXNativeTarget section */
		6A1AB8942184393800A3EDC1 /* SwiftToolBox */ = {
			isa = PBXNativeTarget;
			buildConfigurationList = 6A1AB8B22184393900A3EDC1 /* Build configuration list for PBXNativeTarget "SwiftToolBox" */;
			buildPhases = (
				6A1AB8912184393800A3EDC1 /* Sources */,
				6A1AB8922184393800A3EDC1 /* Frameworks */,
				6A1AB8932184393800A3EDC1 /* Resources */,
			);
			buildRules = (
			);
			dependencies = (
			);
			name = SwiftToolBox;
			productName = SwiftToolBox;
			productReference = 6A1AB8952184393800A3EDC1 /* SwiftToolBox.app */;
			productType = "com.apple.product-type.application";
		};
		6A1AB8A82184393900A3EDC1 /* SwiftToolBoxTests */ = {
			isa = PBXNativeTarget;
			buildConfigurationList = 6A1AB8B52184393900A3EDC1 /* Build configuration list for PBXNativeTarget "SwiftToolBoxTests" */;
			buildPhases = (
				6A1AB8A52184393900A3EDC1 /* Sources */,
				6A1AB8A62184393900A3EDC1 /* Frameworks */,
				6A1AB8A72184393900A3EDC1 /* Resources */,
			);
			buildRules = (
			);
			dependencies = (
				6A1AB8AB2184393900A3EDC1 /* PBXTargetDependency */,
			);
			name = SwiftToolBoxTests;
			productName = SwiftToolBoxTests;
			productReference = 6A1AB8A92184393900A3EDC1 /* SwiftToolBoxTests.xctest */;
			productType = "com.apple.product-type.bundle.unit-test";
		};
/* End PBXNativeTarget section */

/* Begin PBXProject section */
		6A1AB88D2184393800A3EDC1 /* Project object */ = {
			isa = PBXProject;
			attributes = {
				LastSwiftUpdateCheck = 0940;
				LastUpgradeCheck = 0940;
				ORGANIZATIONNAME = "李杰";
				TargetAttributes = {
					6A1AB8942184393800A3EDC1 = {
						CreatedOnToolsVersion = 9.4.1;
						LastSwiftMigration = 0940;
					};
					6A1AB8A82184393900A3EDC1 = {
						CreatedOnToolsVersion = 9.4.1;
						TestTargetID = 6A1AB8942184393800A3EDC1;
					};
				};
			};
			buildConfigurationList = 6A1AB8902184393800A3EDC1 /* Build configuration list for PBXProject "SwiftToolBox" */;
			compatibilityVersion = "Xcode 9.3";
			developmentRegion = en;
			hasScannedForEncodings = 0;
			knownRegions = (
				en,
				Base,
			);
			mainGroup = 6A1AB88C2184393800A3EDC1;
			productRefGroup = 6A1AB8962184393800A3EDC1 /* Products */;
			projectDirPath = "";
			projectRoot = "";
			targets = (
				6A1AB8942184393800A3EDC1 /* SwiftToolBox */,
				6A1AB8A82184393900A3EDC1 /* SwiftToolBoxTests */,
			);
		};
/* End PBXProject section */

/* Begin PBXResourcesBuildPhase section */
		6A1AB8932184393800A3EDC1 /* Resources */ = {
			isa = PBXResourcesBuildPhase;
			buildActionMask = 2147483647;
			files = (
				6A1AB8A32184393900A3EDC1 /* LaunchScreen.storyboard in Resources */,
				6A1AB8A02184393900A3EDC1 /* Assets.xcassets in Resources */,
				6A1AB89E2184393800A3EDC1 /* Main.storyboard in Resources */,
			);
			runOnlyForDeploymentPostprocessing = 0;
		};
		6A1AB8A72184393900A3EDC1 /* Resources */ = {
			isa = PBXResourcesBuildPhase;
			buildActionMask = 2147483647;
			files = (
			);
			runOnlyForDeploymentPostprocessing = 0;
		};
/* End PBXResourcesBuildPhase section */

/* Begin PBXSourcesBuildPhase section */
		6A1AB8912184393800A3EDC1 /* Sources */ = {
			isa = PBXSourcesBuildPhase;
			buildActionMask = 2147483647;
			files = (
				6A300FA221B0DC8500687CA1 /* UIView+Extensions.swift in Sources */,
				6A62022921849810000EF76B /* String+Localized.swift in Sources */,
				6A0039CE2198335A0027773C /* TestSwizzleViewController.swift in Sources */,
				6A0039CC219827EB0027773C /* SelfAwake.swift in Sources */,
				6A552E08219B185A00B9E262 /* UIView+Windless.swift in Sources */,
				6A552E05219B17B900B9E262 /* UIImage+Extensions.swift in Sources */,
				6A552E00219B115A00B9E262 /* UITapGestureRecognizer+Extension.swift in Sources */,
				6A552E0E219B1D6C00B9E262 /* UIView+Draw.swift in Sources */,
				6A6202302184A4A3000EF76B /* UILabel+Extensions.swift in Sources */,
				6A552E02219B155E00B9E262 /* UINavigationController+Extension.swift in Sources */,
				6A552E14219BFE0300B9E262 /* UITableView+Nib.swift in Sources */,
				6A620224218493E9000EF76B /* Bool+Toggle.swift in Sources */,
				6A552E11219BF86200B9E262 /* UIColor+Colors.swift in Sources */,
				6A552DFB219B004100B9E262 /* UINavigationController+Navbar.m in Sources */,
				6A1AB89B2184393800A3EDC1 /* ViewController.swift in Sources */,
				6A62022D21849CAE000EF76B /* String+Format.swift in Sources */,
				6A552E0A219B196600B9E262 /* UIView+Frame.swift in Sources */,
				6A552DFD219B054500B9E262 /* String+Check.swift in Sources */,
				6A552E0C219B1CCD00B9E262 /* UIView+Helper.swift in Sources */,
				6A1AB8992184393800A3EDC1 /* AppDelegate.swift in Sources */,
				6A552DF5219AB04900B9E262 /* CustomTextField.swift in Sources */,
			);
			runOnlyForDeploymentPostprocessing = 0;
		};
		6A1AB8A52184393900A3EDC1 /* Sources */ = {
			isa = PBXSourcesBuildPhase;
			buildActionMask = 2147483647;
			files = (
				6A1AB8AE2184393900A3EDC1 /* SwiftToolBoxTests.swift in Sources */,
				6A6202272184971B000EF76B /* BoolTests.swift in Sources */,
			);
			runOnlyForDeploymentPostprocessing = 0;
		};
/* End PBXSourcesBuildPhase section */

/* Begin PBXTargetDependency section */
		6A1AB8AB2184393900A3EDC1 /* PBXTargetDependency */ = {
			isa = PBXTargetDependency;
			target = 6A1AB8942184393800A3EDC1 /* SwiftToolBox */;
			targetProxy = 6A1AB8AA2184393900A3EDC1 /* PBXContainerItemProxy */;
		};
/* End PBXTargetDependency section */

/* Begin PBXVariantGroup section */
		6A1AB89C2184393800A3EDC1 /* Main.storyboard */ = {
			isa = PBXVariantGroup;
			children = (
				6A1AB89D2184393800A3EDC1 /* Base */,
			);
			name = Main.storyboard;
			sourceTree = "<group>";
		};
		6A1AB8A12184393900A3EDC1 /* LaunchScreen.storyboard */ = {
			isa = PBXVariantGroup;
			children = (
				6A1AB8A22184393900A3EDC1 /* Base */,
			);
			name = LaunchScreen.storyboard;
			sourceTree = "<group>";
		};
/* End PBXVariantGroup section */

/* Begin XCBuildConfiguration section */
		6A1AB8B02184393900A3EDC1 /* Debug */ = {
			isa = XCBuildConfiguration;
			buildSettings = {
				ALWAYS_SEARCH_USER_PATHS = NO;
				CLANG_ANALYZER_NONNULL = YES;
				CLANG_ANALYZER_NUMBER_OBJECT_CONVERSION = YES_AGGRESSIVE;
				CLANG_CXX_LANGUAGE_STANDARD = "gnu++14";
				CLANG_CXX_LIBRARY = "libc++";
				CLANG_ENABLE_MODULES = YES;
				CLANG_ENABLE_OBJC_ARC = YES;
				CLANG_ENABLE_OBJC_WEAK = YES;
				CLANG_WARN_BLOCK_CAPTURE_AUTORELEASING = YES;
				CLANG_WARN_BOOL_CONVERSION = YES;
				CLANG_WARN_COMMA = YES;
				CLANG_WARN_CONSTANT_CONVERSION = YES;
				CLANG_WARN_DEPRECATED_OBJC_IMPLEMENTATIONS = YES;
				CLANG_WARN_DIRECT_OBJC_ISA_USAGE = YES_ERROR;
				CLANG_WARN_DOCUMENTATION_COMMENTS = YES;
				CLANG_WARN_EMPTY_BODY = YES;
				CLANG_WARN_ENUM_CONVERSION = YES;
				CLANG_WARN_INFINITE_RECURSION = YES;
				CLANG_WARN_INT_CONVERSION = YES;
				CLANG_WARN_NON_LITERAL_NULL_CONVERSION = YES;
				CLANG_WARN_OBJC_IMPLICIT_RETAIN_SELF = YES;
				CLANG_WARN_OBJC_LITERAL_CONVERSION = YES;
				CLANG_WARN_OBJC_ROOT_CLASS = YES_ERROR;
				CLANG_WARN_RANGE_LOOP_ANALYSIS = YES;
				CLANG_WARN_STRICT_PROTOTYPES = YES;
				CLANG_WARN_SUSPICIOUS_MOVE = YES;
				CLANG_WARN_UNGUARDED_AVAILABILITY = YES_AGGRESSIVE;
				CLANG_WARN_UNREACHABLE_CODE = YES;
				CLANG_WARN__DUPLICATE_METHOD_MATCH = YES;
				CODE_SIGN_IDENTITY = "iPhone Developer";
				COPY_PHASE_STRIP = NO;
				DEBUG_INFORMATION_FORMAT = dwarf;
				ENABLE_STRICT_OBJC_MSGSEND = YES;
				ENABLE_TESTABILITY = YES;
				GCC_C_LANGUAGE_STANDARD = gnu11;
				GCC_DYNAMIC_NO_PIC = NO;
				GCC_NO_COMMON_BLOCKS = YES;
				GCC_OPTIMIZATION_LEVEL = 0;
				GCC_PREPROCESSOR_DEFINITIONS = (
					"DEBUG=1",
					"$(inherited)",
				);
				GCC_WARN_64_TO_32_BIT_CONVERSION = YES;
				GCC_WARN_ABOUT_RETURN_TYPE = YES_ERROR;
				GCC_WARN_UNDECLARED_SELECTOR = YES;
				GCC_WARN_UNINITIALIZED_AUTOS = YES_AGGRESSIVE;
				GCC_WARN_UNUSED_FUNCTION = YES;
				GCC_WARN_UNUSED_VARIABLE = YES;
				IPHONEOS_DEPLOYMENT_TARGET = 11.4;
				MTL_ENABLE_DEBUG_INFO = YES;
				ONLY_ACTIVE_ARCH = YES;
				SDKROOT = iphoneos;
				SWIFT_ACTIVE_COMPILATION_CONDITIONS = DEBUG;
				SWIFT_OPTIMIZATION_LEVEL = "-Onone";
			};
			name = Debug;
		};
		6A1AB8B12184393900A3EDC1 /* Release */ = {
			isa = XCBuildConfiguration;
			buildSettings = {
				ALWAYS_SEARCH_USER_PATHS = NO;
				CLANG_ANALYZER_NONNULL = YES;
				CLANG_ANALYZER_NUMBER_OBJECT_CONVERSION = YES_AGGRESSIVE;
				CLANG_CXX_LANGUAGE_STANDARD = "gnu++14";
				CLANG_CXX_LIBRARY = "libc++";
				CLANG_ENABLE_MODULES = YES;
				CLANG_ENABLE_OBJC_ARC = YES;
				CLANG_ENABLE_OBJC_WEAK = YES;
				CLANG_WARN_BLOCK_CAPTURE_AUTORELEASING = YES;
				CLANG_WARN_BOOL_CONVERSION = YES;
				CLANG_WARN_COMMA = YES;
				CLANG_WARN_CONSTANT_CONVERSION = YES;
				CLANG_WARN_DEPRECATED_OBJC_IMPLEMENTATIONS = YES;
				CLANG_WARN_DIRECT_OBJC_ISA_USAGE = YES_ERROR;
				CLANG_WARN_DOCUMENTATION_COMMENTS = YES;
				CLANG_WARN_EMPTY_BODY = YES;
				CLANG_WARN_ENUM_CONVERSION = YES;
				CLANG_WARN_INFINITE_RECURSION = YES;
				CLANG_WARN_INT_CONVERSION = YES;
				CLANG_WARN_NON_LITERAL_NULL_CONVERSION = YES;
				CLANG_WARN_OBJC_IMPLICIT_RETAIN_SELF = YES;
				CLANG_WARN_OBJC_LITERAL_CONVERSION = YES;
				CLANG_WARN_OBJC_ROOT_CLASS = YES_ERROR;
				CLANG_WARN_RANGE_LOOP_ANALYSIS = YES;
				CLANG_WARN_STRICT_PROTOTYPES = YES;
				CLANG_WARN_SUSPICIOUS_MOVE = YES;
				CLANG_WARN_UNGUARDED_AVAILABILITY = YES_AGGRESSIVE;
				CLANG_WARN_UNREACHABLE_CODE = YES;
				CLANG_WARN__DUPLICATE_METHOD_MATCH = YES;
				CODE_SIGN_IDENTITY = "iPhone Developer";
				COPY_PHASE_STRIP = NO;
				DEBUG_INFORMATION_FORMAT = "dwarf-with-dsym";
				ENABLE_NS_ASSERTIONS = NO;
				ENABLE_STRICT_OBJC_MSGSEND = YES;
				GCC_C_LANGUAGE_STANDARD = gnu11;
				GCC_NO_COMMON_BLOCKS = YES;
				GCC_WARN_64_TO_32_BIT_CONVERSION = YES;
				GCC_WARN_ABOUT_RETURN_TYPE = YES_ERROR;
				GCC_WARN_UNDECLARED_SELECTOR = YES;
				GCC_WARN_UNINITIALIZED_AUTOS = YES_AGGRESSIVE;
				GCC_WARN_UNUSED_FUNCTION = YES;
				GCC_WARN_UNUSED_VARIABLE = YES;
				IPHONEOS_DEPLOYMENT_TARGET = 11.4;
				MTL_ENABLE_DEBUG_INFO = NO;
				SDKROOT = iphoneos;
				SWIFT_COMPILATION_MODE = wholemodule;
				SWIFT_OPTIMIZATION_LEVEL = "-O";
				VALIDATE_PRODUCT = YES;
			};
			name = Release;
		};
		6A1AB8B32184393900A3EDC1 /* Debug */ = {
			isa = XCBuildConfiguration;
			buildSettings = {
				ASSETCATALOG_COMPILER_APPICON_NAME = AppIcon;
				CLANG_ENABLE_MODULES = YES;
				CODE_SIGN_STYLE = Automatic;
				INFOPLIST_FILE = SwiftToolBox/Info.plist;
				LD_RUNPATH_SEARCH_PATHS = (
					"$(inherited)",
					"@executable_path/Frameworks",
				);
				PRODUCT_BUNDLE_IDENTIFIER = come.hackjie.SwiftToolBox;
				PRODUCT_NAME = "$(TARGET_NAME)";
				SWIFT_OBJC_BRIDGING_HEADER = "SwiftToolBox/Extensions/UINavigationController/SwiftToolBox-Bridging-Header.h";
				SWIFT_OPTIMIZATION_LEVEL = "-Onone";
				SWIFT_VERSION = 4.0;
				TARGETED_DEVICE_FAMILY = "1,2";
			};
			name = Debug;
		};
		6A1AB8B42184393900A3EDC1 /* Release */ = {
			isa = XCBuildConfiguration;
			buildSettings = {
				ASSETCATALOG_COMPILER_APPICON_NAME = AppIcon;
				CLANG_ENABLE_MODULES = YES;
				CODE_SIGN_STYLE = Automatic;
				INFOPLIST_FILE = SwiftToolBox/Info.plist;
				LD_RUNPATH_SEARCH_PATHS = (
					"$(inherited)",
					"@executable_path/Frameworks",
				);
				PRODUCT_BUNDLE_IDENTIFIER = come.hackjie.SwiftToolBox;
				PRODUCT_NAME = "$(TARGET_NAME)";
				SWIFT_OBJC_BRIDGING_HEADER = "SwiftToolBox/Extensions/UINavigationController/SwiftToolBox-Bridging-Header.h";
				SWIFT_VERSION = 4.0;
				TARGETED_DEVICE_FAMILY = "1,2";
			};
			name = Release;
		};
		6A1AB8B62184393900A3EDC1 /* Debug */ = {
			isa = XCBuildConfiguration;
			buildSettings = {
				ALWAYS_EMBED_SWIFT_STANDARD_LIBRARIES = YES;
				BUNDLE_LOADER = "$(TEST_HOST)";
				CODE_SIGN_STYLE = Automatic;
				INFOPLIST_FILE = SwiftToolBoxTests/Info.plist;
				LD_RUNPATH_SEARCH_PATHS = (
					"$(inherited)",
					"@executable_path/Frameworks",
					"@loader_path/Frameworks",
				);
				PRODUCT_BUNDLE_IDENTIFIER = come.hackjie.SwiftToolBoxTests;
				PRODUCT_NAME = "$(TARGET_NAME)";
				SWIFT_VERSION = 4.0;
				TARGETED_DEVICE_FAMILY = "1,2";
				TEST_HOST = "$(BUILT_PRODUCTS_DIR)/SwiftToolBox.app/SwiftToolBox";
			};
			name = Debug;
		};
		6A1AB8B72184393900A3EDC1 /* Release */ = {
			isa = XCBuildConfiguration;
			buildSettings = {
				ALWAYS_EMBED_SWIFT_STANDARD_LIBRARIES = YES;
				BUNDLE_LOADER = "$(TEST_HOST)";
				CODE_SIGN_STYLE = Automatic;
				INFOPLIST_FILE = SwiftToolBoxTests/Info.plist;
				LD_RUNPATH_SEARCH_PATHS = (
					"$(inherited)",
					"@executable_path/Frameworks",
					"@loader_path/Frameworks",
				);
				PRODUCT_BUNDLE_IDENTIFIER = come.hackjie.SwiftToolBoxTests;
				PRODUCT_NAME = "$(TARGET_NAME)";
				SWIFT_VERSION = 4.0;
				TARGETED_DEVICE_FAMILY = "1,2";
				TEST_HOST = "$(BUILT_PRODUCTS_DIR)/SwiftToolBox.app/SwiftToolBox";
			};
			name = Release;
		};
/* End XCBuildConfiguration section */

/* Begin XCConfigurationList section */
		6A1AB8902184393800A3EDC1 /* Build configuration list for PBXProject "SwiftToolBox" */ = {
			isa = XCConfigurationList;
			buildConfigurations = (
				6A1AB8B02184393900A3EDC1 /* Debug */,
				6A1AB8B12184393900A3EDC1 /* Release */,
			);
			defaultConfigurationIsVisible = 0;
			defaultConfigurationName = Release;
		};
		6A1AB8B22184393900A3EDC1 /* Build configuration list for PBXNativeTarget "SwiftToolBox" */ = {
			isa = XCConfigurationList;
			buildConfigurations = (
				6A1AB8B32184393900A3EDC1 /* Debug */,
				6A1AB8B42184393900A3EDC1 /* Release */,
			);
			defaultConfigurationIsVisible = 0;
			defaultConfigurationName = Release;
		};
		6A1AB8B52184393900A3EDC1 /* Build configuration list for PBXNativeTarget "SwiftToolBoxTests" */ = {
			isa = XCConfigurationList;
			buildConfigurations = (
				6A1AB8B62184393900A3EDC1 /* Debug */,
				6A1AB8B72184393900A3EDC1 /* Release */,
			);
			defaultConfigurationIsVisible = 0;
			defaultConfigurationName = Release;
		};
/* End XCConfigurationList section */
	};
	rootObject = 6A1AB88D2184393800A3EDC1 /* Project object */;
}
